
Microsoft Visual Studio Solution File, Format Version 12.00
# Visual Studio Version 17
VisualStudioVersion = 17.0.32112.339
MinimumVisualStudioVersion = 10.0.40219.1
Project("{9A19103F-16F7-4668-BE54-9A1E7A4F7556}") = "InternetShop_data", "InternetShop_data\InternetShop_data.csproj", "{D7AAD218-0E82-463E-B3DC-5BE34884E610}"
EndProject
Global
	GlobalSection(SolutionConfigurationPlatforms) = preSolution
		Debug|Any CPU = Debug|Any CPU
		Release|Any CPU = Release|Any CPU
	EndGlobalSection
	GlobalSection(ProjectConfigurationPlatforms) = postSolution
		{D7AAD218-0E82-463E-B3DC-5BE34884E610}.Debug|Any CPU.ActiveCfg = Debug|Any CPU
		{D7AAD218-0E82-463E-B3DC-5BE34884E610}.Debug|Any CPU.Build.0 = Debug|Any CPU
		{D7AAD218-0E82-463E-B3DC-5BE34884E610}.Release|Any CPU.ActiveCfg = Release|Any CPU
		{D7AAD218-0E82-463E-B3DC-5BE34884E610}.Release|Any CPU.Build.0 = Release|Any CPU
	EndGlobalSection
	GlobalSection(SolutionProperties) = preSolution
		HideSolutionNode = FALSE
	EndGlobalSection
	GlobalSection(ExtensibilityGlobals) = postSolution
		SolutionGuid = {64982524-B6E7-49E6-8FF4-69E963D343EA}
	EndGlobalSection
EndGlobal
